<?xml version="1.0" encoding="utf-8"?>
<Project ToolsVersion="4.0" xmlns="http://schemas.microsoft.com/developer/msbuild/2003">
  <ItemGroup>
    <Filter Include="源文件">
      <UniqueIdentifier>{4FC737F1-C7A5-4376-A066-2A32D752A2FF}</UniqueIdentifier>
      <Extensions>cpp;c;cc;cxx;c++;cppm;ixx;def;odl;idl;hpj;bat;asm;asmx</Extensions>
    </Filter>
    <Filter Include="头文件">
      <UniqueIdentifier>{93995380-89BD-4b04-88EB-625FBE52EBFB}</UniqueIdentifier>
      <Extensions>h;hh;hpp;hxx;h++;hm;inl;inc;ipp;xsd</Extensions>
    </Filter>
    <Filter Include="资源文件">
      <UniqueIdentifier>{67DA6AB6-F800-4c08-8B7A-83BB121AAD01}</UniqueIdentifier>
      <Extensions>rc;ico;cur;bmp;dlg;rc2;rct;bin;rgs;gif;jpg;jpeg;jpe;resx;tiff;tif;png;wav;mfcribbon-ms</Extensions>
    </Filter>
    <Filter Include="Shaders">
      <UniqueIdentifier>{64d9c211-9ccf-4917-9e96-9c428e2035ad}</UniqueIdentifier>
    </Filter>
  </ItemGroup>
  <ItemGroup>
    <ClCompile Include="main1.cpp">
      <Filter>源文件</Filter>
    </ClCompile>
    <ClCompile Include="CommandQueue.cpp">
      <Filter>源文件</Filter>
    </ClCompile>
    <ClCompile Include="Window.cpp">
      <Filter>源文件</Filter>
    </ClCompile>
    <ClCompile Include="Game.cpp">
      <Filter>源文件</Filter>
    </ClCompile>
    <ClCompile Include="Application.cpp">
      <Filter>源文件</Filter>
    </ClCompile>
    <ClCompile Include="KeyCodes.cpp">
      <Filter>源文件</Filter>
    </ClCompile>
    <ClCompile Include="HighResolutionClock.cpp">
      <Filter>源文件</Filter>
    </ClCompile>
    <ClCompile Include="main.cpp">
      <Filter>源文件</Filter>
    </ClCompile>
    <ClCompile Include="Lesson2.cpp">
      <Filter>源文件</Filter>
    </ClCompile>
    <ClCompile Include="UploadBuffer.cpp">
      <Filter>源文件</Filter>
    </ClCompile>
    <ClCompile Include="DescriptorAllocator.cpp">
      <Filter>源文件</Filter>
    </ClCompile>
    <ClCompile Include="DescriptorAllocation.cpp">
      <Filter>源文件</Filter>
    </ClCompile>
    <ClCompile Include="DescriptorAllocatorPage.cpp">
      <Filter>源文件</Filter>
    </ClCompile>
    <ClCompile Include="DynamicDescriptorHeap.cpp">
      <Filter>源文件</Filter>
    </ClCompile>
    <ClCompile Include="RootSignature.cpp">
      <Filter>源文件</Filter>
    </ClCompile>
    <ClCompile Include="CommandList.cpp">
      <Filter>源文件</Filter>
    </ClCompile>
    <ClCompile Include="ResourceStateTracker.cpp">
      <Filter>源文件</Filter>
    </ClCompile>
    <ClCompile Include="Resource.cpp">
      <Filter>源文件</Filter>
    </ClCompile>
  </ItemGroup>
  <ItemGroup>
    <ClInclude Include="d3dx12.h">
      <Filter>头文件</Filter>
    </ClInclude>
    <ClInclude Include="helpers.h">
      <Filter>头文件</Filter>
    </ClInclude>
    <ClInclude Include="CommandQueue.h">
      <Filter>头文件</Filter>
    </ClInclude>
    <ClInclude Include="D3D12LibPCH.h">
      <Filter>头文件</Filter>
    </ClInclude>
    <ClInclude Include="Window.h">
      <Filter>头文件</Filter>
    </ClInclude>
    <ClInclude Include="Game.h">
      <Filter>头文件</Filter>
    </ClInclude>
    <ClInclude Include="Application.h">
      <Filter>头文件</Filter>
    </ClInclude>
    <ClInclude Include="Event.h">
      <Filter>头文件</Filter>
    </ClInclude>
    <ClInclude Include="KeyCodes.h">
      <Filter>头文件</Filter>
    </ClInclude>
    <ClInclude Include="HighResolutionClock.h">
      <Filter>头文件</Filter>
    </ClInclude>
    <ClInclude Include="Lesson2.h">
      <Filter>头文件</Filter>
    </ClInclude>
    <ClInclude Include="UploadBuffer.h">
      <Filter>头文件</Filter>
    </ClInclude>
    <ClInclude Include="Defines.h">
      <Filter>头文件</Filter>
    </ClInclude>
    <ClInclude Include="DescriptorAllocator.h">
      <Filter>头文件</Filter>
    </ClInclude>
    <ClInclude Include="DescriptorAllocation.h">
      <Filter>头文件</Filter>
    </ClInclude>
    <ClInclude Include="DescriptorAllocatorPage.h">
      <Filter>头文件</Filter>
    </ClInclude>
    <ClInclude Include="DynamicDescriptorHeap.h">
      <Filter>头文件</Filter>
    </ClInclude>
    <ClInclude Include="RootSignature.h">
      <Filter>头文件</Filter>
    </ClInclude>
    <ClInclude Include="CommandList.h">
      <Filter>头文件</Filter>
    </ClInclude>
    <ClInclude Include="ResourceStateTracker.h">
      <Filter>头文件</Filter>
    </ClInclude>
    <ClInclude Include="Resource.h">
      <Filter>头文件</Filter>
    </ClInclude>
  </ItemGroup>
  <ItemGroup>
    <FxCompile Include="..\shaders\PixelShader.hlsl">
      <Filter>Shaders</Filter>
    </FxCompile>
    <FxCompile Include="..\shaders\VertexShader.hlsl">
      <Filter>Shaders</Filter>
    </FxCompile>
  </ItemGroup>
</Project>